
Microsoft Visual Studio Solution File, Format Version 12.00
# Visual Studio Version 17
VisualStudioVersion = 17.0.31903.59
MinimumVisualStudioVersion = 10.0.40219.1
Project("{2150E333-8FDC-42A3-9474-1A3956D46DE8}") = "src", "src", "{516F612A-8374-4F84-96C3-27F5FDF2BD7D}"
EndProject
Project("{FAE04EC0-301F-11D3-BF4B-00C04F79EFBC}") = "AuctionService", "src\AuctionService\AuctionService.csproj", "{10E6206E-C6A2-4401-B45E-48F32F6C6E30}"
EndProject
Project("{FAE04EC0-301F-11D3-BF4B-00C04F79EFBC}") = "SearchService", "src\SearchService\SearchService.csproj", "{F3CCB453-225D-450A-B7AD-F865517E8029}"
EndProject
Project("{FAE04EC0-301F-11D3-BF4B-00C04F79EFBC}") = "Contracts", "src\Contracts\Contracts.csproj", "{7C84D491-F8B3-4776-B6C8-6FA3D445835B}"
EndProject
Project("{FAE04EC0-301F-11D3-BF4B-00C04F79EFBC}") = "IdentityService", "src\IdentityService\IdentityService.csproj", "{6CA9CD50-4484-4E31-A3EF-4C7613E47CAE}"
EndProject
Global
	GlobalSection(SolutionConfigurationPlatforms) = preSolution
		Debug|Any CPU = Debug|Any CPU
		Release|Any CPU = Release|Any CPU
	EndGlobalSection
	GlobalSection(SolutionProperties) = preSolution
		HideSolutionNode = FALSE
	EndGlobalSection
	GlobalSection(ProjectConfigurationPlatforms) = postSolution
		{10E6206E-C6A2-4401-B45E-48F32F6C6E30}.Debug|Any CPU.ActiveCfg = Debug|Any CPU
		{10E6206E-C6A2-4401-B45E-48F32F6C6E30}.Debug|Any CPU.Build.0 = Debug|Any CPU
		{10E6206E-C6A2-4401-B45E-48F32F6C6E30}.Release|Any CPU.ActiveCfg = Release|Any CPU
		{10E6206E-C6A2-4401-B45E-48F32F6C6E30}.Release|Any CPU.Build.0 = Release|Any CPU
		{F3CCB453-225D-450A-B7AD-F865517E8029}.Debug|Any CPU.ActiveCfg = Debug|Any CPU
		{F3CCB453-225D-450A-B7AD-F865517E8029}.Debug|Any CPU.Build.0 = Debug|Any CPU
		{F3CCB453-225D-450A-B7AD-F865517E8029}.Release|Any CPU.ActiveCfg = Release|Any CPU
		{F3CCB453-225D-450A-B7AD-F865517E8029}.Release|Any CPU.Build.0 = Release|Any CPU
		{7C84D491-F8B3-4776-B6C8-6FA3D445835B}.Debug|Any CPU.ActiveCfg = Debug|Any CPU
		{7C84D491-F8B3-4776-B6C8-6FA3D445835B}.Debug|Any CPU.Build.0 = Debug|Any CPU
		{7C84D491-F8B3-4776-B6C8-6FA3D445835B}.Release|Any CPU.ActiveCfg = Release|Any CPU
		{7C84D491-F8B3-4776-B6C8-6FA3D445835B}.Release|Any CPU.Build.0 = Release|Any CPU
		{6CA9CD50-4484-4E31-A3EF-4C7613E47CAE}.Debug|Any CPU.ActiveCfg = Debug|Any CPU
		{6CA9CD50-4484-4E31-A3EF-4C7613E47CAE}.Debug|Any CPU.Build.0 = Debug|Any CPU
		{6CA9CD50-4484-4E31-A3EF-4C7613E47CAE}.Release|Any CPU.ActiveCfg = Release|Any CPU
		{6CA9CD50-4484-4E31-A3EF-4C7613E47CAE}.Release|Any CPU.Build.0 = Release|Any CPU
	EndGlobalSection
	GlobalSection(NestedProjects) = preSolution
		{10E6206E-C6A2-4401-B45E-48F32F6C6E30} = {516F612A-8374-4F84-96C3-27F5FDF2BD7D}
		{F3CCB453-225D-450A-B7AD-F865517E8029} = {516F612A-8374-4F84-96C3-27F5FDF2BD7D}
		{7C84D491-F8B3-4776-B6C8-6FA3D445835B} = {516F612A-8374-4F84-96C3-27F5FDF2BD7D}
		{6CA9CD50-4484-4E31-A3EF-4C7613E47CAE} = {516F612A-8374-4F84-96C3-27F5FDF2BD7D}
	EndGlobalSection
EndGlobal
